
Microsoft Visual Studio Solution File, Format Version 12.00
# Visual Studio Version 17
VisualStudioVersion = 17.11.35327.3
MinimumVisualStudioVersion = 10.0.40219.1
Project("{FAE04EC0-301F-11D3-BF4B-00C04F79EFBC}") = "EjercicioMandalorianoU8-SGEMP", "EjercicioMandalorianoU8-SGEMP\EjercicioMandalorianoU8-SGEMP.csproj", "{8FCB9678-3CA7-4FD8-97D0-4B01DE7E282B}"
EndProject
Global
	GlobalSection(SolutionConfigurationPlatforms) = preSolution
		Debug|Any CPU = Debug|Any CPU
		Release|Any CPU = Release|Any CPU
	EndGlobalSection
	GlobalSection(ProjectConfigurationPlatforms) = postSolution
		{8FCB9678-3CA7-4FD8-97D0-4B01DE7E282B}.Debug|Any CPU.ActiveCfg = Debug|Any CPU
		{8FCB9678-3CA7-4FD8-97D0-4B01DE7E282B}.Debug|Any CPU.Build.0 = Debug|Any CPU
		{8FCB9678-3CA7-4FD8-97D0-4B01DE7E282B}.Release|Any CPU.ActiveCfg = Release|Any CPU
		{8FCB9678-3CA7-4FD8-97D0-4B01DE7E282B}.Release|Any CPU.Build.0 = Release|Any CPU
	EndGlobalSection
	GlobalSection(SolutionProperties) = preSolution
		HideSolutionNode = FALSE
	EndGlobalSection
	GlobalSection(ExtensibilityGlobals) = postSolution
		SolutionGuid = {A001442E-4934-4CBF-9F34-C7E9B5D515A9}
	EndGlobalSection
EndGlobal
